
Microsoft Visual Studio Solution File, Format Version 12.00
# Visual Studio Version 17
VisualStudioVersion = 17.10.35004.147
MinimumVisualStudioVersion = 10.0.40219.1
Project("{9A19103F-16F7-4668-BE54-9A1E7A4F7556}") = "FinTract_REST_API", "FinTract_REST_API\FinTract_REST_API.csproj", "{6472E0FE-8E74-489A-944E-F03229444CD2}"
EndProject
Project("{E53339B2-1760-4266-BCC7-CA923CBCF16C}") = "docker-compose", "docker-compose.dcproj", "{F3E8815C-ED8C-49B5-8B25-27E7AE88FC96}"
EndProject
Global
	GlobalSection(SolutionConfigurationPlatforms) = preSolution
		Debug|Any CPU = Debug|Any CPU
		Release|Any CPU = Release|Any CPU
	EndGlobalSection
	GlobalSection(ProjectConfigurationPlatforms) = postSolution
		{6472E0FE-8E74-489A-944E-F03229444CD2}.Debug|Any CPU.ActiveCfg = Debug|Any CPU
		{6472E0FE-8E74-489A-944E-F03229444CD2}.Debug|Any CPU.Build.0 = Debug|Any CPU
		{6472E0FE-8E74-489A-944E-F03229444CD2}.Release|Any CPU.ActiveCfg = Release|Any CPU
		{6472E0FE-8E74-489A-944E-F03229444CD2}.Release|Any CPU.Build.0 = Release|Any CPU
		{F3E8815C-ED8C-49B5-8B25-27E7AE88FC96}.Debug|Any CPU.ActiveCfg = Debug|Any CPU
		{F3E8815C-ED8C-49B5-8B25-27E7AE88FC96}.Debug|Any CPU.Build.0 = Debug|Any CPU
		{F3E8815C-ED8C-49B5-8B25-27E7AE88FC96}.Release|Any CPU.ActiveCfg = Release|Any CPU
		{F3E8815C-ED8C-49B5-8B25-27E7AE88FC96}.Release|Any CPU.Build.0 = Release|Any CPU
	EndGlobalSection
	GlobalSection(SolutionProperties) = preSolution
		HideSolutionNode = FALSE
	EndGlobalSection
	GlobalSection(ExtensibilityGlobals) = postSolution
		SolutionGuid = {FC9F01F8-D761-413C-9B94-6D51AE10E4F0}
	EndGlobalSection
EndGlobal
